// !$*UTF8*$!
{
	archiveVersion = 1;
	classes = {
	};
	objectVersion = 46;
	objects = {

/* Begin PBXBuildFile section */
		4315AF8C1B38956D00527FAE /* AppDelegate.swift in Sources */ = {isa = PBXBuildFile; fileRef = 4315AF8B1B38956D00527FAE /* AppDelegate.swift */; };
		4315AF8E1B38956D00527FAE /* ViewController.swift in Sources */ = {isa = PBXBuildFile; fileRef = 4315AF8D1B38956D00527FAE /* ViewController.swift */; };
		4315AF911B38956D00527FAE /* Main.storyboard in Resources */ = {isa = PBXBuildFile; fileRef = 4315AF8F1B38956D00527FAE /* Main.storyboard */; };
		4315AF931B38956D00527FAE /* Images.xcassets in Resources */ = {isa = PBXBuildFile; fileRef = 4315AF921B38956D00527FAE /* Images.xcassets */; };
		4315AF961B38956D00527FAE /* LaunchScreen.xib in Resources */ = {isa = PBXBuildFile; fileRef = 4315AF941B38956D00527FAE /* LaunchScreen.xib */; };
		4315AFA21B38956D00527FAE /* CalculatorTests.swift in Sources */ = {isa = PBXBuildFile; fileRef = 4315AFA11B38956D00527FAE /* CalculatorTests.swift */; };
		4315AFAC1B38C3F400527FAE /* CalculatorBrain.swift in Sources */ = {isa = PBXBuildFile; fileRef = 4315AFAB1B38C3F400527FAE /* CalculatorBrain.swift */; };
		B950024A1EB13C15007E3D11 /* testCalculator.swift in Sources */ = {isa = PBXBuildFile; fileRef = B95002491EB13C15007E3D11 /* testCalculator.swift */; };
		B95002521EB13D44007E3D11 /* CalculatorUITests.swift in Sources */ = {isa = PBXBuildFile; fileRef = B95002511EB13D44007E3D11 /* CalculatorUITests.swift */; };
/* End PBXBuildFile section */

/* Begin PBXContainerItemProxy section */
		4315AF9C1B38956D00527FAE /* PBXContainerItemProxy */ = {
			isa = PBXContainerItemProxy;
			containerPortal = 4315AF7E1B38956D00527FAE /* Project object */;
			proxyType = 1;
			remoteGlobalIDString = 4315AF851B38956D00527FAE;
			remoteInfo = Calculator;
		};
		B95002541EB13D44007E3D11 /* PBXContainerItemProxy */ = {
			isa = PBXContainerItemProxy;
			containerPortal = 4315AF7E1B38956D00527FAE /* Project object */;
			proxyType = 1;
			remoteGlobalIDString = 4315AF851B38956D00527FAE;
			remoteInfo = Calculator;
		};
/* End PBXContainerItemProxy section */

/* Begin PBXFileReference section */
		4315AF861B38956D00527FAE /* Calculator.app */ = {isa = PBXFileReference; explicitFileType = wrapper.application; includeInIndex = 0; path = Calculator.app; sourceTree = BUILT_PRODUCTS_DIR; };
		4315AF8A1B38956D00527FAE /* Info.plist */ = {isa = PBXFileReference; lastKnownFileType = text.plist.xml; path = Info.plist; sourceTree = "<group>"; };
		4315AF8B1B38956D00527FAE /* AppDelegate.swift */ = {isa = PBXFileReference; lastKnownFileType = sourcecode.swift; path = AppDelegate.swift; sourceTree = "<group>"; };
		4315AF8D1B38956D00527FAE /* ViewController.swift */ = {isa = PBXFileReference; lastKnownFileType = sourcecode.swift; path = ViewController.swift; sourceTree = "<group>"; };
		4315AF901B38956D00527FAE /* Base */ = {isa = PBXFileReference; lastKnownFileType = file.storyboard; name = Base; path = Base.lproj/Main.storyboard; sourceTree = "<group>"; };
		4315AF921B38956D00527FAE /* Images.xcassets */ = {isa = PBXFileReference; lastKnownFileType = folder.assetcatalog; path = Images.xcassets; sourceTree = "<group>"; };
		4315AF951B38956D00527FAE /* Base */ = {isa = PBXFileReference; lastKnownFileType = file.xib; name = Base; path = Base.lproj/LaunchScreen.xib; sourceTree = "<group>"; };
		4315AF9B1B38956D00527FAE /* CalculatorTests.xctest */ = {isa = PBXFileReference; explicitFileType = wrapper.cfbundle; includeInIndex = 0; path = CalculatorTests.xctest; sourceTree = BUILT_PRODUCTS_DIR; };
		4315AFA01B38956D00527FAE /* Info.plist */ = {isa = PBXFileReference; lastKnownFileType = text.plist.xml; path = Info.plist; sourceTree = "<group>"; };
		4315AFA11B38956D00527FAE /* CalculatorTests.swift */ = {isa = PBXFileReference; lastKnownFileType = sourcecode.swift; path = CalculatorTests.swift; sourceTree = "<group>"; };
		4315AFAB1B38C3F400527FAE /* CalculatorBrain.swift */ = {isa = PBXFileReference; fileEncoding = 4; lastKnownFileType = sourcecode.swift; path = CalculatorBrain.swift; sourceTree = "<group>"; };
		B95002491EB13C15007E3D11 /* testCalculator.swift */ = {isa = PBXFileReference; fileEncoding = 4; lastKnownFileType = sourcecode.swift; path = testCalculator.swift; sourceTree = "<group>"; };
		B950024F1EB13D44007E3D11 /* CalculatorUITests.xctest */ = {isa = PBXFileReference; explicitFileType = wrapper.cfbundle; includeInIndex = 0; path = CalculatorUITests.xctest; sourceTree = BUILT_PRODUCTS_DIR; };
		B95002511EB13D44007E3D11 /* CalculatorUITests.swift */ = {isa = PBXFileReference; lastKnownFileType = sourcecode.swift; path = CalculatorUITests.swift; sourceTree = "<group>"; };
		B95002531EB13D44007E3D11 /* Info.plist */ = {isa = PBXFileReference; lastKnownFileType = text.plist.xml; path = Info.plist; sourceTree = "<group>"; };
/* End PBXFileReference section */

/* Begin PBXFrameworksBuildPhase section */
		4315AF831B38956D00527FAE /* Frameworks */ = {
			isa = PBXFrameworksBuildPhase;
			buildActionMask = 2147483647;
			files = (
			);
			runOnlyForDeploymentPostprocessing = 0;
		};
		4315AF981B38956D00527FAE /* Frameworks */ = {
			isa = PBXFrameworksBuildPhase;
			buildActionMask = 2147483647;
			files = (
			);
			runOnlyForDeploymentPostprocessing = 0;
		};
		B950024C1EB13D44007E3D11 /* Frameworks */ = {
			isa = PBXFrameworksBuildPhase;
			buildActionMask = 2147483647;
			files = (
			);
			runOnlyForDeploymentPostprocessing = 0;
		};
/* End PBXFrameworksBuildPhase section */

/* Begin PBXGroup section */
		4315AF7D1B38956D00527FAE = {
			isa = PBXGroup;
			children = (
				4315AF881B38956D00527FAE /* Calculator */,
				4315AF9E1B38956D00527FAE /* CalculatorTests */,
				B95002501EB13D44007E3D11 /* CalculatorUITests */,
				4315AF871B38956D00527FAE /* Products */,
			);
			sourceTree = "<group>";
		};
		4315AF871B38956D00527FAE /* Products */ = {
			isa = PBXGroup;
			children = (
				4315AF861B38956D00527FAE /* Calculator.app */,
				4315AF9B1B38956D00527FAE /* CalculatorTests.xctest */,
				B950024F1EB13D44007E3D11 /* CalculatorUITests.xctest */,
			);
			name = Products;
			sourceTree = "<group>";
		};
		4315AF881B38956D00527FAE /* Calculator */ = {
			isa = PBXGroup;
			children = (
				4315AF8B1B38956D00527FAE /* AppDelegate.swift */,
				4315AF8D1B38956D00527FAE /* ViewController.swift */,
				4315AF8F1B38956D00527FAE /* Main.storyboard */,
				4315AFAB1B38C3F400527FAE /* CalculatorBrain.swift */,
				4315AF921B38956D00527FAE /* Images.xcassets */,
				4315AF941B38956D00527FAE /* LaunchScreen.xib */,
				4315AF891B38956D00527FAE /* Supporting Files */,
			);
			path = Calculator;
			sourceTree = "<group>";
		};
		4315AF891B38956D00527FAE /* Supporting Files */ = {
			isa = PBXGroup;
			children = (
				4315AF8A1B38956D00527FAE /* Info.plist */,
			);
			name = "Supporting Files";
			sourceTree = "<group>";
		};
		4315AF9E1B38956D00527FAE /* CalculatorTests */ = {
			isa = PBXGroup;
			children = (
				B95002491EB13C15007E3D11 /* testCalculator.swift */,
				4315AFA11B38956D00527FAE /* CalculatorTests.swift */,
				4315AF9F1B38956D00527FAE /* Supporting Files */,
			);
			path = CalculatorTests;
			sourceTree = "<group>";
		};
		4315AF9F1B38956D00527FAE /* Supporting Files */ = {
			isa = PBXGroup;
			children = (
				4315AFA01B38956D00527FAE /* Info.plist */,
			);
			name = "Supporting Files";
			sourceTree = "<group>";
		};
		B95002501EB13D44007E3D11 /* CalculatorUITests */ = {
			isa = PBXGroup;
			children = (
				B95002511EB13D44007E3D11 /* CalculatorUITests.swift */,
				B95002531EB13D44007E3D11 /* Info.plist */,
			);
			path = CalculatorUITests;
			sourceTree = "<group>";
		};
/* End PBXGroup section */

/* Begin PBXNativeTarget section */
		4315AF851B38956D00527FAE /* Calculator */ = {
			isa = PBXNativeTarget;
			buildConfigurationList = 4315AFA51B38956D00527FAE /* Build configuration list for PBXNativeTarget "Calculator" */;
			buildPhases = (
				4315AF821B38956D00527FAE /* Sources */,
				4315AF831B38956D00527FAE /* Frameworks */,
				4315AF841B38956D00527FAE /* Resources */,
			);
			buildRules = (
			);
			dependencies = (
			);
			name = Calculator;
			productName = Calculator;
			productReference = 4315AF861B38956D00527FAE /* Calculator.app */;
			productType = "com.apple.product-type.application";
		};
		4315AF9A1B38956D00527FAE /* CalculatorTests */ = {
			isa = PBXNativeTarget;
			buildConfigurationList = 4315AFA81B38956D00527FAE /* Build configuration list for PBXNativeTarget "CalculatorTests" */;
			buildPhases = (
				4315AF971B38956D00527FAE /* Sources */,
				4315AF981B38956D00527FAE /* Frameworks */,
				4315AF991B38956D00527FAE /* Resources */,
			);
			buildRules = (
			);
			dependencies = (
				4315AF9D1B38956D00527FAE /* PBXTargetDependency */,
			);
			name = CalculatorTests;
			productName = CalculatorTests;
			productReference = 4315AF9B1B38956D00527FAE /* CalculatorTests.xctest */;
			productType = "com.apple.product-type.bundle.unit-test";
		};
		B950024E1EB13D44007E3D11 /* CalculatorUITests */ = {
			isa = PBXNativeTarget;
			buildConfigurationList = B95002561EB13D44007E3D11 /* Build configuration list for PBXNativeTarget "CalculatorUITests" */;
			buildPhases = (
				B950024B1EB13D44007E3D11 /* Sources */,
				B950024C1EB13D44007E3D11 /* Frameworks */,
				B950024D1EB13D44007E3D11 /* Resources */,
			);
			buildRules = (
			);
			dependencies = (
				B95002551EB13D44007E3D11 /* PBXTargetDependency */,
			);
			name = CalculatorUITests;
			productName = CalculatorUITests;
			productReference = B950024F1EB13D44007E3D11 /* CalculatorUITests.xctest */;
			productType = "com.apple.product-type.bundle.ui-testing";
		};
/* End PBXNativeTarget section */

/* Begin PBXProject section */
		4315AF7E1B38956D00527FAE /* Project object */ = {
			isa = PBXProject;
			attributes = {
				LastSwiftUpdateCheck = 0830;
				LastUpgradeCheck = 0830;
				ORGANIZATIONNAME = "Brandon Saunders";
				TargetAttributes = {
					4315AF851B38956D00527FAE = {
						CreatedOnToolsVersion = 6.3.2;
						LastSwiftMigration = 0830;
					};
					4315AF9A1B38956D00527FAE = {
						CreatedOnToolsVersion = 6.3.2;
						LastSwiftMigration = 0830;
						TestTargetID = 4315AF851B38956D00527FAE;
					};
					B950024E1EB13D44007E3D11 = {
						CreatedOnToolsVersion = 8.3.2;
						ProvisioningStyle = Automatic;
						TestTargetID = 4315AF851B38956D00527FAE;
					};
				};
			};
			buildConfigurationList = 4315AF811B38956D00527FAE /* Build configuration list for PBXProject "Calculator" */;
			compatibilityVersion = "Xcode 3.2";
			developmentRegion = English;
			hasScannedForEncodings = 0;
			knownRegions = (
				en,
				Base,
			);
			mainGroup = 4315AF7D1B38956D00527FAE;
			productRefGroup = 4315AF871B38956D00527FAE /* Products */;
			projectDirPath = "";
			projectRoot = "";
			targets = (
				4315AF851B38956D00527FAE /* Calculator */,
				4315AF9A1B38956D00527FAE /* CalculatorTests */,
				B950024E1EB13D44007E3D11 /* CalculatorUITests */,
			);
		};
/* End PBXProject section */

/* Begin PBXResourcesBuildPhase section */
		4315AF841B38956D00527FAE /* Resources */ = {
			isa = PBXResourcesBuildPhase;
			buildActionMask = 2147483647;
			files = (
				4315AF911B38956D00527FAE /* Main.storyboard in Resources */,
				4315AF961B38956D00527FAE /* LaunchScreen.xib in Resources */,
				4315AF931B38956D00527FAE /* Images.xcassets in Resources */,
			);
			runOnlyForDeploymentPostprocessing = 0;
		};
		4315AF991B38956D00527FAE /* Resources */ = {
			isa = PBXResourcesBuildPhase;
			buildActionMask = 2147483647;
			files = (
			);
			runOnlyForDeploymentPostprocessing = 0;
		};
		B950024D1EB13D44007E3D11 /* Resources */ = {
			isa = PBXResourcesBuildPhase;
			buildActionMask = 2147483647;
			files = (
			);
			runOnlyForDeploymentPostprocessing = 0;
		};
/* End PBXResourcesBuildPhase section */

/* Begin PBXSourcesBuildPhase section */
		4315AF821B38956D00527FAE /* Sources */ = {
			isa = PBXSourcesBuildPhase;
			buildActionMask = 2147483647;
			files = (
				4315AFAC1B38C3F400527FAE /* CalculatorBrain.swift in Sources */,
				4315AF8E1B38956D00527FAE /* ViewController.swift in Sources */,
				4315AF8C1B38956D00527FAE /* AppDelegate.swift in Sources */,
			);
			runOnlyForDeploymentPostprocessing = 0;
		};
		4315AF971B38956D00527FAE /* Sources */ = {
			isa = PBXSourcesBuildPhase;
			buildActionMask = 2147483647;
			files = (
				4315AFA21B38956D00527FAE /* CalculatorTests.swift in Sources */,
				B950024A1EB13C15007E3D11 /* testCalculator.swift in Sources */,
			);
			runOnlyForDeploymentPostprocessing = 0;
		};
		B950024B1EB13D44007E3D11 /* Sources */ = {
			isa = PBXSourcesBuildPhase;
			buildActionMask = 2147483647;
			files = (
				B95002521EB13D44007E3D11 /* CalculatorUITests.swift in Sources */,
			);
			runOnlyForDeploymentPostprocessing = 0;
		};
/* End PBXSourcesBuildPhase section */

/* Begin PBXTargetDependency section */
		4315AF9D1B38956D00527FAE /* PBXTargetDependency */ = {
			isa = PBXTargetDependency;
			target = 4315AF851B38956D00527FAE /* Calculator */;
			targetProxy = 4315AF9C1B38956D00527FAE /* PBXContainerItemProxy */;
		};
		B95002551EB13D44007E3D11 /* PBXTargetDependency */ = {
			isa = PBXTargetDependency;
			target = 4315AF851B38956D00527FAE /* Calculator */;
			targetProxy = B95002541EB13D44007E3D11 /* PBXContainerItemProxy */;
		};
/* End PBXTargetDependency section */

/* Begin PBXVariantGroup section */
		4315AF8F1B38956D00527FAE /* Main.storyboard */ = {
			isa = PBXVariantGroup;
			children = (
				4315AF901B38956D00527FAE /* Base */,
			);
			name = Main.storyboard;
			sourceTree = "<group>";
		};
		4315AF941B38956D00527FAE /* LaunchScreen.xib */ = {
			isa = PBXVariantGroup;
			children = (
				4315AF951B38956D00527FAE /* Base */,
			);
			name = LaunchScreen.xib;
			sourceTree = "<group>";
		};
/* End PBXVariantGroup section */

/* Begin XCBuildConfiguration section */
		4315AFA31B38956D00527FAE /* Debug */ = {
			isa = XCBuildConfiguration;
			buildSettings = {
				ALWAYS_SEARCH_USER_PATHS = NO;
				CLANG_CXX_LANGUAGE_STANDARD = "gnu++0x";
				CLANG_CXX_LIBRARY = "libc++";
				CLANG_ENABLE_MODULES = YES;
				CLANG_ENABLE_OBJC_ARC = YES;
				CLANG_WARN_BOOL_CONVERSION = YES;
				CLANG_WARN_CONSTANT_CONVERSION = YES;
				CLANG_WARN_DIRECT_OBJC_ISA_USAGE = YES_ERROR;
				CLANG_WARN_EMPTY_BODY = YES;
				CLANG_WARN_ENUM_CONVERSION = YES;
				CLANG_WARN_INFINITE_RECURSION = YES;
				CLANG_WARN_INT_CONVERSION = YES;
				CLANG_WARN_OBJC_ROOT_CLASS = YES_ERROR;
				CLANG_WARN_SUSPICIOUS_MOVE = YES;
				CLANG_WARN_UNREACHABLE_CODE = YES;
				CLANG_WARN__DUPLICATE_METHOD_MATCH = YES;
				"CODE_SIGN_IDENTITY[sdk=iphoneos*]" = "iPhone Developer";
				COPY_PHASE_STRIP = NO;
				DEBUG_INFORMATION_FORMAT = "dwarf-with-dsym";
				ENABLE_STRICT_OBJC_MSGSEND = YES;
				ENABLE_TESTABILITY = YES;
				GCC_C_LANGUAGE_STANDARD = gnu99;
				GCC_DYNAMIC_NO_PIC = NO;
				GCC_NO_COMMON_BLOCKS = YES;
				GCC_OPTIMIZATION_LEVEL = 0;
				GCC_PREPROCESSOR_DEFINITIONS = (
					"DEBUG=1",
					"$(inherited)",
				);
				GCC_SYMBOLS_PRIVATE_EXTERN = NO;
				GCC_WARN_64_TO_32_BIT_CONVERSION = YES;
				GCC_WARN_ABOUT_RETURN_TYPE = YES_ERROR;
				GCC_WARN_UNDECLARED_SELECTOR = YES;
				GCC_WARN_UNINITIALIZED_AUTOS = YES_AGGRESSIVE;
				GCC_WARN_UNUSED_FUNCTION = YES;
				GCC_WARN_UNUSED_VARIABLE = YES;
				IPHONEOS_DEPLOYMENT_TARGET = 10.0;
				MTL_ENABLE_DEBUG_INFO = YES;
				ONLY_ACTIVE_ARCH = YES;
				SDKROOT = iphoneos;
				SWIFT_OPTIMIZATION_LEVEL = "-Onone";
				TARGETED_DEVICE_FAMILY = "1,2";
			};
			name = Debug;
		};
		4315AFA41B38956D00527FAE /* Release */ = {
			isa = XCBuildConfiguration;
			buildSettings = {
				ALWAYS_SEARCH_USER_PATHS = NO;
				CLANG_CXX_LANGUAGE_STANDARD = "gnu++0x";
				CLANG_CXX_LIBRARY = "libc++";
				CLANG_ENABLE_MODULES = YES;
				CLANG_ENABLE_OBJC_ARC = YES;
				CLANG_WARN_BOOL_CONVERSION = YES;
				CLANG_WARN_CONSTANT_CONVERSION = YES;
				CLANG_WARN_DIRECT_OBJC_ISA_USAGE = YES_ERROR;
				CLANG_WARN_EMPTY_BODY = YES;
				CLANG_WARN_ENUM_CONVERSION = YES;
				CLANG_WARN_INFINITE_RECURSION = YES;
				CLANG_WARN_INT_CONVERSION = YES;
				CLANG_WARN_OBJC_ROOT_CLASS = YES_ERROR;
				CLANG_WARN_SUSPICIOUS_MOVE = YES;
				CLANG_WARN_UNREACHABLE_CODE = YES;
				CLANG_WARN__DUPLICATE_METHOD_MATCH = YES;
				"CODE_SIGN_IDENTITY[sdk=iphoneos*]" = "iPhone Developer";
				COPY_PHASE_STRIP = NO;
				DEBUG_INFORMATION_FORMAT = "dwarf-with-dsym";
				ENABLE_NS_ASSERTIONS = NO;
				ENABLE_STRICT_OBJC_MSGSEND = YES;
				GCC_C_LANGUAGE_STANDARD = gnu99;
				GCC_NO_COMMON_BLOCKS = YES;
				GCC_WARN_64_TO_32_BIT_CONVERSION = YES;
				GCC_WARN_ABOUT_RETURN_TYPE = YES_ERROR;
				GCC_WARN_UNDECLARED_SELECTOR = YES;
				GCC_WARN_UNINITIALIZED_AUTOS = YES_AGGRESSIVE;
				GCC_WARN_UNUSED_FUNCTION = YES;
				GCC_WARN_UNUSED_VARIABLE = YES;
				IPHONEOS_DEPLOYMENT_TARGET = 10.0;
				MTL_ENABLE_DEBUG_INFO = NO;
				SDKROOT = iphoneos;
				SWIFT_OPTIMIZATION_LEVEL = "-Owholemodule";
				TARGETED_DEVICE_FAMILY = "1,2";
				VALIDATE_PRODUCT = YES;
			};
			name = Release;
		};
		4315AFA61B38956D00527FAE /* Debug */ = {
			isa = XCBuildConfiguration;
			buildSettings = {
				ASSETCATALOG_COMPILER_APPICON_NAME = AppIcon;
				INFOPLIST_FILE = Calculator/Info.plist;
				IPHONEOS_DEPLOYMENT_TARGET = 10.0;
				LD_RUNPATH_SEARCH_PATHS = "$(inherited) @executable_path/Frameworks";
				PRODUCT_BUNDLE_IDENTIFIER = "system.$(PRODUCT_NAME:rfc1034identifier)";
				PRODUCT_NAME = "$(TARGET_NAME)";
				SWIFT_VERSION = 3.0;
			};
			name = Debug;
		};
		4315AFA71B38956D00527FAE /* Release */ = {
			isa = XCBuildConfiguration;
			buildSettings = {
				ASSETCATALOG_COMPILER_APPICON_NAME = AppIcon;
				INFOPLIST_FILE = Calculator/Info.plist;
				IPHONEOS_DEPLOYMENT_TARGET = 10.0;
				LD_RUNPATH_SEARCH_PATHS = "$(inherited) @executable_path/Frameworks";
				PRODUCT_BUNDLE_IDENTIFIER = "system.$(PRODUCT_NAME:rfc1034identifier)";
				PRODUCT_NAME = "$(TARGET_NAME)";
				SWIFT_VERSION = 3.0;
			};
			name = Release;
		};
		4315AFA91B38956D00527FAE /* Debug */ = {
			isa = XCBuildConfiguration;
			buildSettings = {
				BUNDLE_LOADER = "$(TEST_HOST)";
				FRAMEWORK_SEARCH_PATHS = (
					"$(SDKROOT)/Developer/Library/Frameworks",
					"$(inherited)",
				);
				GCC_PREPROCESSOR_DEFINITIONS = (
					"DEBUG=1",
					"$(inherited)",
				);
				INFOPLIST_FILE = CalculatorTests/Info.plist;
				LD_RUNPATH_SEARCH_PATHS = "$(inherited) @executable_path/Frameworks @loader_path/Frameworks";
				PRODUCT_BUNDLE_IDENTIFIER = "system.$(PRODUCT_NAME:rfc1034identifier)";
				PRODUCT_NAME = "$(TARGET_NAME)";
				SWIFT_VERSION = 3.0;
				TEST_HOST = "$(BUILT_PRODUCTS_DIR)/Calculator.app/Calculator";
			};
			name = Debug;
		};
		4315AFAA1B38956D00527FAE /* Release */ = {
			isa = XCBuildConfiguration;
			buildSettings = {
				BUNDLE_LOADER = "$(TEST_HOST)";
				FRAMEWORK_SEARCH_PATHS = (
					"$(SDKROOT)/Developer/Library/Frameworks",
					"$(inherited)",
				);
				INFOPLIST_FILE = CalculatorTests/Info.plist;
				LD_RUNPATH_SEARCH_PATHS = "$(inherited) @executable_path/Frameworks @loader_path/Frameworks";
				PRODUCT_BUNDLE_IDENTIFIER = "system.$(PRODUCT_NAME:rfc1034identifier)";
				PRODUCT_NAME = "$(TARGET_NAME)";
				SWIFT_VERSION = 3.0;
				TEST_HOST = "$(BUILT_PRODUCTS_DIR)/Calculator.app/Calculator";
			};
			name = Release;
		};
		B95002571EB13D44007E3D11 /* Debug */ = {
			isa = XCBuildConfiguration;
			buildSettings = {
				CLANG_ANALYZER_NONNULL = YES;
				CLANG_ANALYZER_NUMBER_OBJECT_CONVERSION = YES_AGGRESSIVE;
				CLANG_WARN_DOCUMENTATION_COMMENTS = YES;
				DEBUG_INFORMATION_FORMAT = dwarf;
				INFOPLIST_FILE = CalculatorUITests/Info.plist;
				IPHONEOS_DEPLOYMENT_TARGET = 10.3;
				LD_RUNPATH_SEARCH_PATHS = "$(inherited) @executable_path/Frameworks @loader_path/Frameworks";
				PRODUCT_BUNDLE_IDENTIFIER = notacompany.CalculatorUITests;
				PRODUCT_NAME = "$(TARGET_NAME)";
				SWIFT_ACTIVE_COMPILATION_CONDITIONS = DEBUG;
				SWIFT_VERSION = 3.0;
				TEST_TARGET_NAME = Calculator;
			};
			name = Debug;
		};
		B95002581EB13D44007E3D11 /* Release */ = {
			isa = XCBuildConfiguration;
			buildSettings = {
				CLANG_ANALYZER_NONNULL = YES;
				CLANG_ANALYZER_NUMBER_OBJECT_CONVERSION = YES_AGGRESSIVE;
				CLANG_WARN_DOCUMENTATION_COMMENTS = YES;
				INFOPLIST_FILE = CalculatorUITests/Info.plist;
				IPHONEOS_DEPLOYMENT_TARGET = 10.3;
				LD_RUNPATH_SEARCH_PATHS = "$(inherited) @executable_path/Frameworks @loader_path/Frameworks";
				PRODUCT_BUNDLE_IDENTIFIER = notacompany.CalculatorUITests;
				PRODUCT_NAME = "$(TARGET_NAME)";
				SWIFT_VERSION = 3.0;
				TEST_TARGET_NAME = Calculator;
			};
			name = Release;
		};
/* End XCBuildConfiguration section */

/* Begin XCConfigurationList section */
		4315AF811B38956D00527FAE /* Build configuration list for PBXProject "Calculator" */ = {
			isa = XCConfigurationList;
			buildConfigurations = (
				4315AFA31B38956D00527FAE /* Debug */,
				4315AFA41B38956D00527FAE /* Release */,
			);
			defaultConfigurationIsVisible = 0;
			defaultConfigurationName = Release;
		};
		4315AFA51B38956D00527FAE /* Build configuration list for PBXNativeTarget "Calculator" */ = {
			isa = XCConfigurationList;
			buildConfigurations = (
				4315AFA61B38956D00527FAE /* Debug */,
				4315AFA71B38956D00527FAE /* Release */,
			);
			defaultConfigurationIsVisible = 0;
			defaultConfigurationName = Release;
		};
		4315AFA81B38956D00527FAE /* Build configuration list for PBXNativeTarget "CalculatorTests" */ = {
			isa = XCConfigurationList;
			buildConfigurations = (
				4315AFA91B38956D00527FAE /* Debug */,
				4315AFAA1B38956D00527FAE /* Release */,
			);
			defaultConfigurationIsVisible = 0;
			defaultConfigurationName = Release;
		};
		B95002561EB13D44007E3D11 /* Build configuration list for PBXNativeTarget "CalculatorUITests" */ = {
			isa = XCConfigurationList;
			buildConfigurations = (
				B95002571EB13D44007E3D11 /* Debug */,
				B95002581EB13D44007E3D11 /* Release */,
			);
			defaultConfigurationIsVisible = 0;
		};
/* End XCConfigurationList section */
	};
	rootObject = 4315AF7E1B38956D00527FAE /* Project object */;
}
